
Microsoft Visual Studio Solution File, Format Version 12.00
# Visual Studio 15
VisualStudioVersion = 15.0.28307.960
MinimumVisualStudioVersion = 10.0.40219.1
Project("{FAE04EC0-301F-11D3-BF4B-00C04F79EFBC}") = "PersonaLauncher", "PersonaLauncher\PersonaLauncher.csproj", "{3414313D-49F4-4E3B-BCC2-2C5F9CA8A4DA}"
EndProject
Global
	GlobalSection(SolutionConfigurationPlatforms) = preSolution
		Debug|Any CPU = Debug|Any CPU
		Release|Any CPU = Release|Any CPU
	EndGlobalSection
	GlobalSection(ProjectConfigurationPlatforms) = postSolution
		{3414313D-49F4-4E3B-BCC2-2C5F9CA8A4DA}.Debug|Any CPU.ActiveCfg = Debug|Any CPU
		{3414313D-49F4-4E3B-BCC2-2C5F9CA8A4DA}.Debug|Any CPU.Build.0 = Debug|Any CPU
		{3414313D-49F4-4E3B-BCC2-2C5F9CA8A4DA}.Release|Any CPU.ActiveCfg = Release|Any CPU
		{3414313D-49F4-4E3B-BCC2-2C5F9CA8A4DA}.Release|Any CPU.Build.0 = Release|Any CPU
	EndGlobalSection
	GlobalSection(SolutionProperties) = preSolution
		HideSolutionNode = FALSE
	EndGlobalSection
	GlobalSection(ExtensibilityGlobals) = postSolution
		SolutionGuid = {C4181635-A4A6-440D-BF1A-DE01817874F1}
	EndGlobalSection
EndGlobal
